
Microsoft Visual Studio Solution File, Format Version 12.00
# Visual Studio 15
VisualStudioVersion = 15.0.27004.2006
MinimumVisualStudioVersion = 10.0.40219.1
Project("{FAE04EC0-301F-11D3-BF4B-00C04F79EFBC}") = "AspNetCoreTemplate", "AspNetCoreTemplate\AspNetCoreTemplate.csproj", "{F09680EC-2C50-4B93-A046-F9D06DBF774A}"
EndProject
Global
	GlobalSection(SolutionConfigurationPlatforms) = preSolution
		Debug|Any CPU = Debug|Any CPU
		Release|Any CPU = Release|Any CPU
	EndGlobalSection
	GlobalSection(ProjectConfigurationPlatforms) = postSolution
		{F09680EC-2C50-4B93-A046-F9D06DBF774A}.Debug|Any CPU.ActiveCfg = Debug|Any CPU
		{F09680EC-2C50-4B93-A046-F9D06DBF774A}.Debug|Any CPU.Build.0 = Debug|Any CPU
		{F09680EC-2C50-4B93-A046-F9D06DBF774A}.Release|Any CPU.ActiveCfg = Release|Any CPU
		{F09680EC-2C50-4B93-A046-F9D06DBF774A}.Release|Any CPU.Build.0 = Release|Any CPU
	EndGlobalSection
	GlobalSection(SolutionProperties) = preSolution
		HideSolutionNode = FALSE
	EndGlobalSection
	GlobalSection(ExtensibilityGlobals) = postSolution
		SolutionGuid = {220FBD2D-5D62-4624-BC73-8E688632D969}
	EndGlobalSection
EndGlobal
